PODS:
  - Flutter (1.0.0)
  - phone_number (0.6.0):
    - Flutter
    - PhoneNumberKit/PhoneNumberKitCore (~> 3.2.0)
  - PhoneNumberKit/PhoneNumberKitCore (3.2.0)

DEPENDENCIES:
  - Flutter (from `Flutter`)
  - phone_number (from `.symlinks/plugins/phone_number/ios`)

SPEC REPOS:
  trunk:
    - PhoneNumberKit

EXTERNAL SOURCES:
  Flutter:
    :path: Flutter
  phone_number:
    :path: ".symlinks/plugins/phone_number/ios"

SPEC CHECKSUMS:
  Flutter: 0e3d915762c693b495b44d77113d4970485de6ec
  phone_number: b7978b964a25ceaf055a9c26e25a989680b8b049
  PhoneNumberKit: df411d46177d1492da84e10b6c093846dd861452

PODFILE CHECKSUM: 1b66dae606f75376c5f2135a8290850eeb09ae83

COCOAPODS: 1.8.4
